
Microsoft Visual Studio Solution File, Format Version 12.00
# Visual Studio Version 17
VisualStudioVersion = 17.11.35222.181
MinimumVisualStudioVersion = 10.0.40219.1
Project("{FAE04EC0-301F-11D3-BF4B-00C04F79EFBC}") = "masic3", "masic3.csproj", "{4F1264DB-22E1-4E1C-A5ED-126A0D5A7216}"
EndProject
Global
	GlobalSection(SolutionConfigurationPlatforms) = preSolution
		Debug|Any CPU = Debug|Any CPU
		Release|Any CPU = Release|Any CPU
	EndGlobalSection
	GlobalSection(ProjectConfigurationPlatforms) = postSolution
		{4F1264DB-22E1-4E1C-A5ED-126A0D5A7216}.Debug|Any CPU.ActiveCfg = Debug|Any CPU
		{4F1264DB-22E1-4E1C-A5ED-126A0D5A7216}.Debug|Any CPU.Build.0 = Debug|Any CPU
		{4F1264DB-22E1-4E1C-A5ED-126A0D5A7216}.Debug|Any CPU.Deploy.0 = Debug|Any CPU
		{4F1264DB-22E1-4E1C-A5ED-126A0D5A7216}.Release|Any CPU.ActiveCfg = Release|Any CPU
		{4F1264DB-22E1-4E1C-A5ED-126A0D5A7216}.Release|Any CPU.Build.0 = Release|Any CPU
		{4F1264DB-22E1-4E1C-A5ED-126A0D5A7216}.Release|Any CPU.Deploy.0 = Release|Any CPU
	EndGlobalSection
	GlobalSection(SolutionProperties) = preSolution
		HideSolutionNode = FALSE
	EndGlobalSection
	GlobalSection(ExtensibilityGlobals) = postSolution
		SolutionGuid = {9A2611A7-8FDD-459C-B863-662557788AD9}
	EndGlobalSection
EndGlobal
